
Microsoft Visual Studio Solution File, Format Version 12.00
# Visual Studio 2013
VisualStudioVersion = 12.0.40629.0
MinimumVisualStudioVersion = 10.0.40219.1
Project("{8BC9CEB8-8B4A-11D0-8D11-00A0C91BC942}") = "RTextTreeParser", "RTextTreeParser.vcxproj", "{CEAE7CEB-373E-4215-8346-B7D5C1945BBC}"
EndProject
Project("{8BC9CEB8-8B4A-11D0-8D11-00A0C91BC942}") = "RTextTreeParserTest", "..\RTextTreeParserTest\RTextTreeParserTest.vcxproj", "{44F8EF87-F040-4806-862E-ACDB2089A879}"
	ProjectSection(ProjectDependencies) = postProject
		{CEAE7CEB-373E-4215-8346-B7D5C1945BBC} = {CEAE7CEB-373E-4215-8346-B7D5C1945BBC}
	EndProjectSection
EndProject
Global
	GlobalSection(SolutionConfigurationPlatforms) = preSolution
		Debug|Win32 = Debug|Win32
		Release|Win32 = Release|Win32
	EndGlobalSection
	GlobalSection(ProjectConfigurationPlatforms) = postSolution
		{CEAE7CEB-373E-4215-8346-B7D5C1945BBC}.Debug|Win32.ActiveCfg = Debug|Win32
		{CEAE7CEB-373E-4215-8346-B7D5C1945BBC}.Debug|Win32.Build.0 = Debug|Win32
		{CEAE7CEB-373E-4215-8346-B7D5C1945BBC}.Release|Win32.ActiveCfg = Release|Win32
		{CEAE7CEB-373E-4215-8346-B7D5C1945BBC}.Release|Win32.Build.0 = Release|Win32
		{44F8EF87-F040-4806-862E-ACDB2089A879}.Debug|Win32.ActiveCfg = Debug|Win32
		{44F8EF87-F040-4806-862E-ACDB2089A879}.Debug|Win32.Build.0 = Debug|Win32
		{44F8EF87-F040-4806-862E-ACDB2089A879}.Release|Win32.ActiveCfg = Release|Win32
		{44F8EF87-F040-4806-862E-ACDB2089A879}.Release|Win32.Build.0 = Release|Win32
	EndGlobalSection
	GlobalSection(SolutionProperties) = preSolution
		HideSolutionNode = FALSE
	EndGlobalSection
EndGlobal
